
Microsoft Visual Studio Solution File, Format Version 12.00
# Visual Studio 15
VisualStudioVersion = 15.0.26730.15
MinimumVisualStudioVersion = 10.0.40219.1
Project("{FAE04EC0-301F-11D3-BF4B-00C04F79EFBC}") = "Kalkulator", "Kalkulator\Kalkulator.csproj", "{33A0776A-74CD-4C2D-8E92-F8AF7940BB28}"
EndProject
Global
	GlobalSection(SolutionConfigurationPlatforms) = preSolution
		Debug|Any CPU = Debug|Any CPU
		Release|Any CPU = Release|Any CPU
	EndGlobalSection
	GlobalSection(ProjectConfigurationPlatforms) = postSolution
		{33A0776A-74CD-4C2D-8E92-F8AF7940BB28}.Debug|Any CPU.ActiveCfg = Debug|Any CPU
		{33A0776A-74CD-4C2D-8E92-F8AF7940BB28}.Debug|Any CPU.Build.0 = Debug|Any CPU
		{33A0776A-74CD-4C2D-8E92-F8AF7940BB28}.Release|Any CPU.ActiveCfg = Release|Any CPU
		{33A0776A-74CD-4C2D-8E92-F8AF7940BB28}.Release|Any CPU.Build.0 = Release|Any CPU
	EndGlobalSection
	GlobalSection(SolutionProperties) = preSolution
		HideSolutionNode = FALSE
	EndGlobalSection
	GlobalSection(ExtensibilityGlobals) = postSolution
		SolutionGuid = {36F77757-9322-4F76-9C36-6D344A543491}
	EndGlobalSection
EndGlobal
